
Microsoft Visual Studio Solution File, Format Version 12.00
# Visual Studio Version 17
VisualStudioVersion = 17.14.36221.1
MinimumVisualStudioVersion = 10.0.40219.1
Project("{FAE04EC0-301F-11D3-BF4B-00C04F79EFBC}") = "DesafioQuakeLog", "DesafioQuakeLog.csproj", "{A6428DC6-DE09-4F45-A3A3-DF8D59D4E94B}"
EndProject
Project("{FAE04EC0-301F-11D3-BF4B-00C04F79EFBC}") = "DesafioQuakeLogTest", "..\DesafioQuakeLogTest\DesafioQuakeLogTest.csproj", "{C5F1C289-E852-4C97-88AF-D77B6091C6B4}"
EndProject
Global
	GlobalSection(SolutionConfigurationPlatforms) = preSolution
		Debug|Any CPU = Debug|Any CPU
		Release|Any CPU = Release|Any CPU
	EndGlobalSection
	GlobalSection(ProjectConfigurationPlatforms) = postSolution
		{A6428DC6-DE09-4F45-A3A3-DF8D59D4E94B}.Debug|Any CPU.ActiveCfg = Debug|Any CPU
		{A6428DC6-DE09-4F45-A3A3-DF8D59D4E94B}.Debug|Any CPU.Build.0 = Debug|Any CPU
		{A6428DC6-DE09-4F45-A3A3-DF8D59D4E94B}.Release|Any CPU.ActiveCfg = Release|Any CPU
		{A6428DC6-DE09-4F45-A3A3-DF8D59D4E94B}.Release|Any CPU.Build.0 = Release|Any CPU
		{C5F1C289-E852-4C97-88AF-D77B6091C6B4}.Debug|Any CPU.ActiveCfg = Debug|Any CPU
		{C5F1C289-E852-4C97-88AF-D77B6091C6B4}.Debug|Any CPU.Build.0 = Debug|Any CPU
		{C5F1C289-E852-4C97-88AF-D77B6091C6B4}.Release|Any CPU.ActiveCfg = Release|Any CPU
		{C5F1C289-E852-4C97-88AF-D77B6091C6B4}.Release|Any CPU.Build.0 = Release|Any CPU
	EndGlobalSection
	GlobalSection(SolutionProperties) = preSolution
		HideSolutionNode = FALSE
	EndGlobalSection
	GlobalSection(ExtensibilityGlobals) = postSolution
		SolutionGuid = {CCCABB02-7147-416B-ADA6-44B4574552D2}
	EndGlobalSection
EndGlobal
